{
  "name": "webllm-page-creator",
  "version": "1.0.0",
  "lockfileVersion": 3,
  "requires": true,
  "packages": {
    "": {
      "name": "webllm-page-creator",
      "version": "1.0.0",
      "license": "MIT",
      "dependencies": {
        "@webcontainer/env": "^1.1.1"
      }
    },
    "node_modules/@webcontainer/env": {
      "version": "1.1.1",
      "resolved": "https://registry.npmjs.org/@webcontainer/env/-/env-1.1.1.tgz",
      "integrity": "sha512-6aN99yL695Hi9SuIk1oC88l9o0gmxL1nGWWQ/kNy81HigJ0FoaoTXpytCj6ItzgyCEwA9kF1wixsTuv5cjsgng==",
      "license": "MIT"
    }
  }
}
